
Microsoft Visual Studio Solution File, Format Version 12.00
# Visual Studio Version 17
VisualStudioVersion = 17.3.32922.545
MinimumVisualStudioVersion = 10.0.40219.1
Project("{9A19103F-16F7-4668-BE54-9A1E7A4F7556}") = "task-solution", "task-solution\task-solution.csproj", "{0405C160-295D-482C-8081-4833DAE44532}"
EndProject
Project("{2150E333-8FDC-42A3-9474-1A3956D46DE8}") = "Solution Items", "Solution Items", "{332254C5-EE49-45E9-B18A-6EAA603AB7E4}"
	ProjectSection(SolutionItems) = preProject
		.gitignore = .gitignore
	EndProjectSection
EndProject
Global
	GlobalSection(SolutionConfigurationPlatforms) = preSolution
		Debug|Any CPU = Debug|Any CPU
		Release|Any CPU = Release|Any CPU
	EndGlobalSection
	GlobalSection(ProjectConfigurationPlatforms) = postSolution
		{0405C160-295D-482C-8081-4833DAE44532}.Debug|Any CPU.ActiveCfg = Debug|Any CPU
		{0405C160-295D-482C-8081-4833DAE44532}.Debug|Any CPU.Build.0 = Debug|Any CPU
		{0405C160-295D-482C-8081-4833DAE44532}.Release|Any CPU.ActiveCfg = Release|Any CPU
		{0405C160-295D-482C-8081-4833DAE44532}.Release|Any CPU.Build.0 = Release|Any CPU
	EndGlobalSection
	GlobalSection(SolutionProperties) = preSolution
		HideSolutionNode = FALSE
	EndGlobalSection
	GlobalSection(ExtensibilityGlobals) = postSolution
		SolutionGuid = {F0EBD9A8-2A62-40ED-AF29-629870A61127}
	EndGlobalSection
EndGlobal
